// !$*UTF8*$!
{
	archiveVersion = 1;
	classes = {
	};
	objectVersion = 46;
	objects = {

/* Begin PBXBuildFile section */
		8468686C1E71C43F0014B399 /* main.m in Sources */ = {isa = PBXBuildFile; fileRef = 8468686B1E71C43F0014B399 /* main.m */; };
		8468686F1E71C43F0014B399 /* AppDelegate.m in Sources */ = {isa = PBXBuildFile; fileRef = 8468686E1E71C43F0014B399 /* AppDelegate.m */; };
		846868721E71C43F0014B399 /* MasterViewController.m in Sources */ = {isa = PBXBuildFile; fileRef = 846868711E71C43F0014B399 /* MasterViewController.m */; };
		846868751E71C43F0014B399 /* DetailViewController.m in Sources */ = {isa = PBXBuildFile; fileRef = 846868741E71C43F0014B399 /* DetailViewController.m */; };
		846868781E71C4400014B399 /* Main.storyboard in Resources */ = {isa = PBXBuildFile; fileRef = 846868761E71C4400014B399 /* Main.storyboard */; };
		8468687A1E71C4400014B399 /* Assets.xcassets in Resources */ = {isa = PBXBuildFile; fileRef = 846868791E71C4400014B399 /* Assets.xcassets */; };
		8468687D1E71C4400014B399 /* LaunchScreen.storyboard in Resources */ = {isa = PBXBuildFile; fileRef = 8468687B1E71C4400014B399 /* LaunchScreen.storyboard */; };
/* End PBXBuildFile section */

/* Begin PBXFileReference section */
		846868671E71C43F0014B399 /* SimpleHelloWorld.app */ = {isa = PBXFileReference; explicitFileType = wrapper.application; includeInIndex = 0; path = SimpleHelloWorld.app; sourceTree = BUILT_PRODUCTS_DIR; };
		8468686B1E71C43F0014B399 /* main.m */ = {isa = PBXFileReference; lastKnownFileType = sourcecode.c.objc; path = main.m; sourceTree = "<group>"; };
		8468686D1E71C43F0014B399 /* AppDelegate.h */ = {isa = PBXFileReference; lastKnownFileType = sourcecode.c.h; path = AppDelegate.h; sourceTree = "<group>"; };
		8468686E1E71C43F0014B399 /* AppDelegate.m */ = {isa = PBXFileReference; lastKnownFileType = sourcecode.c.objc; path = AppDelegate.m; sourceTree = "<group>"; };
		846868701E71C43F0014B399 /* MasterViewController.h */ = {isa = PBXFileReference; lastKnownFileType = sourcecode.c.h; path = MasterViewController.h; sourceTree = "<group>"; };
		846868711E71C43F0014B399 /* MasterViewController.m */ = {isa = PBXFileReference; lastKnownFileType = sourcecode.c.objc; path = MasterViewController.m; sourceTree = "<group>"; };
		846868731E71C43F0014B399 /* DetailViewController.h */ = {isa = PBXFileReference; lastKnownFileType = sourcecode.c.h; path = DetailViewController.h; sourceTree = "<group>"; };
		846868741E71C43F0014B399 /* DetailViewController.m */ = {isa = PBXFileReference; lastKnownFileType = sourcecode.c.objc; path = DetailViewController.m; sourceTree = "<group>"; };
		846868771E71C4400014B399 /* Base */ = {isa = PBXFileReference; lastKnownFileType = file.storyboard; name = Base; path = Base.lproj/Main.storyboard; sourceTree = "<group>"; };
		846868791E71C4400014B399 /* Assets.xcassets */ = {isa = PBXFileReference; lastKnownFileType = folder.assetcatalog; path = Assets.xcassets; sourceTree = "<group>"; };
		8468687C1E71C4400014B399 /* Base */ = {isa = PBXFileReference; lastKnownFileType = file.storyboard; name = Base; path = Base.lproj/LaunchScreen.storyboard; sourceTree = "<group>"; };
		8468687E1E71C4400014B399 /* Info.plist */ = {isa = PBXFileReference; lastKnownFileType = text.plist.xml; path = Info.plist; sourceTree = "<group>"; };
/* End PBXFileReference section */

/* Begin PBXFrameworksBuildPhase section */
		846868641E71C43F0014B399 /* Frameworks */ = {
			isa = PBXFrameworksBuildPhase;
			buildActionMask = 2147483647;
			files = (
			);
			runOnlyForDeploymentPostprocessing = 0;
		};
/* End PBXFrameworksBuildPhase section */

/* Begin PBXGroup section */
		8468685E1E71C43F0014B399 = {
			isa = PBXGroup;
			children = (
				846868691E71C43F0014B399 /* SimpleHelloWorld */,
				846868681E71C43F0014B399 /* Products */,
			);
			sourceTree = "<group>";
		};
		846868681E71C43F0014B399 /* Products */ = {
			isa = PBXGroup;
			children = (
				846868671E71C43F0014B399 /* SimpleHelloWorld.app */,
			);
			name = Products;
			sourceTree = "<group>";
		};
		846868691E71C43F0014B399 /* SimpleHelloWorld */ = {
			isa = PBXGroup;
			children = (
				8468686D1E71C43F0014B399 /* AppDelegate.h */,
				8468686E1E71C43F0014B399 /* AppDelegate.m */,
				846868701E71C43F0014B399 /* MasterViewController.h */,
				846868711E71C43F0014B399 /* MasterViewController.m */,
				846868731E71C43F0014B399 /* DetailViewController.h */,
				846868741E71C43F0014B399 /* DetailViewController.m */,
				846868761E71C4400014B399 /* Main.storyboard */,
				846868791E71C4400014B399 /* Assets.xcassets */,
				8468687B1E71C4400014B399 /* LaunchScreen.storyboard */,
				8468687E1E71C4400014B399 /* Info.plist */,
				8468686A1E71C43F0014B399 /* Supporting Files */,
			);
			path = SimpleHelloWorld;
			sourceTree = "<group>";
		};
		8468686A1E71C43F0014B399 /* Supporting Files */ = {
			isa = PBXGroup;
			children = (
				8468686B1E71C43F0014B399 /* main.m */,
			);
			name = "Supporting Files";
			sourceTree = "<group>";
		};
/* End PBXGroup section */

/* Begin PBXNativeTarget section */
		846868661E71C43F0014B399 /* SimpleHelloWorld */ = {
			isa = PBXNativeTarget;
			buildConfigurationList = 846868811E71C4400014B399 /* Build configuration list for PBXNativeTarget "SimpleHelloWorld" */;
			buildPhases = (
				846868631E71C43F0014B399 /* Sources */,
				846868641E71C43F0014B399 /* Frameworks */,
				846868651E71C43F0014B399 /* Resources */,
			);
			buildRules = (
			);
			dependencies = (
			);
			name = SimpleHelloWorld;
			productName = SimpleHelloWorld;
			productReference = 846868671E71C43F0014B399 /* SimpleHelloWorld.app */;
			productType = "com.apple.product-type.application";
		};
/* End PBXNativeTarget section */

/* Begin PBXProject section */
		8468685F1E71C43F0014B399 /* Project object */ = {
			isa = PBXProject;
			attributes = {
				LastUpgradeCheck = 0730;
				ORGANIZATIONNAME = Nope;
				TargetAttributes = {
					846868661E71C43F0014B399 = {
						CreatedOnToolsVersion = 7.3;
					};
				};
			};
			buildConfigurationList = 846868621E71C43F0014B399 /* Build configuration list for PBXProject "SimpleHelloWorld" */;
			compatibilityVersion = "Xcode 3.2";
			developmentRegion = English;
			hasScannedForEncodings = 0;
			knownRegions = (
				en,
				Base,
			);
			mainGroup = 8468685E1E71C43F0014B399;
			productRefGroup = 846868681E71C43F0014B399 /* Products */;
			projectDirPath = "";
			projectRoot = "";
			targets = (
				846868661E71C43F0014B399 /* SimpleHelloWorld */,
			);
		};
/* End PBXProject section */

/* Begin PBXResourcesBuildPhase section */
		846868651E71C43F0014B399 /* Resources */ = {
			isa = PBXResourcesBuildPhase;
			buildActionMask = 2147483647;
			files = (
				8468687D1E71C4400014B399 /* LaunchScreen.storyboard in Resources */,
				8468687A1E71C4400014B399 /* Assets.xcassets in Resources */,
				846868781E71C4400014B399 /* Main.storyboard in Resources */,
			);
			runOnlyForDeploymentPostprocessing = 0;
		};
/* End PBXResourcesBuildPhase section */

/* Begin PBXSourcesBuildPhase section */
		846868631E71C43F0014B399 /* Sources */ = {
			isa = PBXSourcesBuildPhase;
			buildActionMask = 2147483647;
			files = (
				8468686F1E71C43F0014B399 /* AppDelegate.m in Sources */,
				846868721E71C43F0014B399 /* MasterViewController.m in Sources */,
				8468686C1E71C43F0014B399 /* main.m in Sources */,
				846868751E71C43F0014B399 /* DetailViewController.m in Sources */,
			);
			runOnlyForDeploymentPostprocessing = 0;
		};
/* End PBXSourcesBuildPhase section */

/* Begin PBXVariantGroup section */
		846868761E71C4400014B399 /* Main.storyboard */ = {
			isa = PBXVariantGroup;
			children = (
				846868771E71C4400014B399 /* Base */,
			);
			name = Main.storyboard;
			sourceTree = "<group>";
		};
		8468687B1E71C4400014B399 /* LaunchScreen.storyboard */ = {
			isa = PBXVariantGroup;
			children = (
				8468687C1E71C4400014B399 /* Base */,
			);
			name = LaunchScreen.storyboard;
			sourceTree = "<group>";
		};
/* End PBXVariantGroup section */

/* Begin XCBuildConfiguration section */
		8468687F1E71C4400014B399 /* Debug */ = {
			isa = XCBuildConfiguration;
			buildSettings = {
				ALWAYS_SEARCH_USER_PATHS = NO;
				CLANG_ANALYZER_NONNULL = YES;
				CLANG_CXX_LANGUAGE_STANDARD = "gnu++0x";
				CLANG_CXX_LIBRARY = "libc++";
				CLANG_ENABLE_MODULES = YES;
				CLANG_ENABLE_OBJC_ARC = YES;
				CLANG_WARN_BOOL_CONVERSION = YES;
				CLANG_WARN_CONSTANT_CONVERSION = YES;
				CLANG_WARN_DIRECT_OBJC_ISA_USAGE = YES_ERROR;
				CLANG_WARN_EMPTY_BODY = YES;
				CLANG_WARN_ENUM_CONVERSION = YES;
				CLANG_WARN_INT_CONVERSION = YES;
				CLANG_WARN_OBJC_ROOT_CLASS = YES_ERROR;
				CLANG_WARN_UNREACHABLE_CODE = YES;
				CLANG_WARN__DUPLICATE_METHOD_MATCH = YES;
				"CODE_SIGN_IDENTITY[sdk=iphoneos*]" = "iPhone Developer";
				COPY_PHASE_STRIP = NO;
				DEBUG_INFORMATION_FORMAT = dwarf;
				ENABLE_STRICT_OBJC_MSGSEND = YES;
				ENABLE_TESTABILITY = YES;
				GCC_C_LANGUAGE_STANDARD = gnu99;
				GCC_DYNAMIC_NO_PIC = NO;
				GCC_NO_COMMON_BLOCKS = YES;
				GCC_OPTIMIZATION_LEVEL = 0;
				GCC_PREPROCESSOR_DEFINITIONS = (
					"DEBUG=1",
					"$(inherited)",
				);
				GCC_WARN_64_TO_32_BIT_CONVERSION = YES;
				GCC_WARN_ABOUT_RETURN_TYPE = YES_ERROR;
				GCC_WARN_UNDECLARED_SELECTOR = YES;
				GCC_WARN_UNINITIALIZED_AUTOS = YES_AGGRESSIVE;
				GCC_WARN_UNUSED_FUNCTION = YES;
				GCC_WARN_UNUSED_VARIABLE = YES;
				IPHONEOS_DEPLOYMENT_TARGET = 9.3;
				MTL_ENABLE_DEBUG_INFO = YES;
				ONLY_ACTIVE_ARCH = YES;
				SDKROOT = iphoneos;
			};
			name = Debug;
		};
		846868801E71C4400014B399 /* Release */ = {
			isa = XCBuildConfiguration;
			buildSettings = {
				ALWAYS_SEARCH_USER_PATHS = NO;
				CLANG_ANALYZER_NONNULL = YES;
				CLANG_CXX_LANGUAGE_STANDARD = "gnu++0x";
				CLANG_CXX_LIBRARY = "libc++";
				CLANG_ENABLE_MODULES = YES;
				CLANG_ENABLE_OBJC_ARC = YES;
				CLANG_WARN_BOOL_CONVERSION = YES;
				CLANG_WARN_CONSTANT_CONVERSION = YES;
				CLANG_WARN_DIRECT_OBJC_ISA_USAGE = YES_ERROR;
				CLANG_WARN_EMPTY_BODY = YES;
				CLANG_WARN_ENUM_CONVERSION = YES;
				CLANG_WARN_INT_CONVERSION = YES;
				CLANG_WARN_OBJC_ROOT_CLASS = YES_ERROR;
				CLANG_WARN_UNREACHABLE_CODE = YES;
				CLANG_WARN__DUPLICATE_METHOD_MATCH = YES;
				"CODE_SIGN_IDENTITY[sdk=iphoneos*]" = "iPhone Developer";
				COPY_PHASE_STRIP = NO;
				DEBUG_INFORMATION_FORMAT = "dwarf-with-dsym";
				ENABLE_NS_ASSERTIONS = NO;
				ENABLE_STRICT_OBJC_MSGSEND = YES;
				GCC_C_LANGUAGE_STANDARD = gnu99;
				GCC_NO_COMMON_BLOCKS = YES;
				GCC_WARN_64_TO_32_BIT_CONVERSION = YES;
				GCC_WARN_ABOUT_RETURN_TYPE = YES_ERROR;
				GCC_WARN_UNDECLARED_SELECTOR = YES;
				GCC_WARN_UNINITIALIZED_AUTOS = YES_AGGRESSIVE;
				GCC_WARN_UNUSED_FUNCTION = YES;
				GCC_WARN_UNUSED_VARIABLE = YES;
				IPHONEOS_DEPLOYMENT_TARGET = 9.3;
				MTL_ENABLE_DEBUG_INFO = NO;
				SDKROOT = iphoneos;
				VALIDATE_PRODUCT = YES;
			};
			name = Release;
		};
		846868821E71C4400014B399 /* Debug */ = {
			isa = XCBuildConfiguration;
			buildSettings = {
				ASSETCATALOG_COMPILER_APPICON_NAME = AppIcon;
				INFOPLIST_FILE = SimpleHelloWorld/Info.plist;
				LD_RUNPATH_SEARCH_PATHS = "$(inherited) @executable_path/Frameworks";
				PRODUCT_BUNDLE_IDENTIFIER = Nope.SimpleHelloWorld;
				PRODUCT_NAME = "$(TARGET_NAME)";
			};
			name = Debug;
		};
		846868831E71C4400014B399 /* Release */ = {
			isa = XCBuildConfiguration;
			buildSettings = {
				ASSETCATALOG_COMPILER_APPICON_NAME = AppIcon;
				INFOPLIST_FILE = SimpleHelloWorld/Info.plist;
				LD_RUNPATH_SEARCH_PATHS = "$(inherited) @executable_path/Frameworks";
				PRODUCT_BUNDLE_IDENTIFIER = Nope.SimpleHelloWorld;
				PRODUCT_NAME = "$(TARGET_NAME)";
			};
			name = Release;
		};
/* End XCBuildConfiguration section */

/* Begin XCConfigurationList section */
		846868621E71C43F0014B399 /* Build configuration list for PBXProject "SimpleHelloWorld" */ = {
			isa = XCConfigurationList;
			buildConfigurations = (
				8468687F1E71C4400014B399 /* Debug */,
				846868801E71C4400014B399 /* Release */,
			);
			defaultConfigurationIsVisible = 0;
			defaultConfigurationName = Release;
		};
		846868811E71C4400014B399 /* Build configuration list for PBXNativeTarget "SimpleHelloWorld" */ = {
			isa = XCConfigurationList;
			buildConfigurations = (
				846868821E71C4400014B399 /* Debug */,
				846868831E71C4400014B399 /* Release */,
			);
			defaultConfigurationIsVisible = 0;
		};
/* End XCConfigurationList section */
	};
	rootObject = 8468685F1E71C43F0014B399 /* Project object */;
}
